// !$*UTF8*$!
{
	archiveVersion = 1;
	classes = {
	};
	objectVersion = 77;
	objects = {

/* Begin PBXBuildFile section */
		DD728AC22E1D8CD300984BD5 /* SettingsView.swift in Sources */ = {isa = PBXBuildFile; fileRef = DD728AC12E1D8CCB00984BD5 /* SettingsView.swift */; };
		DD728AC42E1D8E2B00984BD5 /* MapView.swift in Sources */ = {isa = PBXBuildFile; fileRef = DD728AC32E1D8E2A00984BD5 /* MapView.swift */; };
		DD728AC62E1D8F9C00984BD5 /* PinBoardViewModel.swift in Sources */ = {isa = PBXBuildFile; fileRef = DD728AC52E1D8F8800984BD5 /* PinBoardViewModel.swift */; };
		DD728AC82E1D917F00984BD5 /* NumberPadView.swift in Sources */ = {isa = PBXBuildFile; fileRef = DD728AC72E1D917E00984BD5 /* NumberPadView.swift */; };
		DD728ACA2E1D921500984BD5 /* PasscodeIndicatorView.swift in Sources */ = {isa = PBXBuildFile; fileRef = DD728AC92E1D921400984BD5 /* PasscodeIndicatorView.swift */; };
		DD728ACE2E1D945600984BD5 /* PasscodeTemplateView.swift in Sources */ = {isa = PBXBuildFile; fileRef = DD728ACD2E1D945500984BD5 /* PasscodeTemplateView.swift */; };
		DD8E79862E1BA4E6001CF2D4 /* Assets.xcassets in Resources */ = {isa = PBXBuildFile; fileRef = DD8E79822E1BA4E6001CF2D4 /* Assets.xcassets */; };
		DD8E79872E1BA4E6001CF2D4 /* TableView.swift in Sources */ = {isa = PBXBuildFile; fileRef = DD8E79832E1BA4E6001CF2D4 /* TableView.swift */; };
		DD8E79882E1BA4E6001CF2D4 /* PinBoardApp.swift in Sources */ = {isa = PBXBuildFile; fileRef = DD8E79842E1BA4E6001CF2D4 /* PinBoardApp.swift */; };
		DD8E79922E1BB685001CF2D4 /* LAContext+biometricType.swift in Sources */ = {isa = PBXBuildFile; fileRef = DD8E79912E1BB684001CF2D4 /* LAContext+biometricType.swift */; };
		DD8E79952E1BBD7D001CF2D4 /* Authenticator.swift in Sources */ = {isa = PBXBuildFile; fileRef = DD8E79942E1BBD7B001CF2D4 /* Authenticator.swift */; };
		DD8E79982E1BBE79001CF2D4 /* AESEncryptionManager.swift in Sources */ = {isa = PBXBuildFile; fileRef = DD8E79972E1BBE77001CF2D4 /* AESEncryptionManager.swift */; };
		DD8E799A2E1BBF01001CF2D4 /* Data+padWithZeros.swift in Sources */ = {isa = PBXBuildFile; fileRef = DD8E79992E1BBF00001CF2D4 /* Data+padWithZeros.swift */; };
		DD8E79A52E1BF11D001CF2D4 /* GlobalConstants.swift in Sources */ = {isa = PBXBuildFile; fileRef = DD8E79A42E1BF114001CF2D4 /* GlobalConstants.swift */; };
/* End PBXBuildFile section */

/* Begin PBXFileReference section */
		DD728AC12E1D8CCB00984BD5 /* SettingsView.swift */ = {isa = PBXFileReference; lastKnownFileType = sourcecode.swift; path = SettingsView.swift; sourceTree = "<group>"; };
		DD728AC32E1D8E2A00984BD5 /* MapView.swift */ = {isa = PBXFileReference; lastKnownFileType = sourcecode.swift; path = MapView.swift; sourceTree = "<group>"; };
		DD728AC52E1D8F8800984BD5 /* PinBoardViewModel.swift */ = {isa = PBXFileReference; lastKnownFileType = sourcecode.swift; path = PinBoardViewModel.swift; sourceTree = "<group>"; };
		DD728AC72E1D917E00984BD5 /* NumberPadView.swift */ = {isa = PBXFileReference; lastKnownFileType = sourcecode.swift; path = NumberPadView.swift; sourceTree = "<group>"; };
		DD728AC92E1D921400984BD5 /* PasscodeIndicatorView.swift */ = {isa = PBXFileReference; lastKnownFileType = sourcecode.swift; path = PasscodeIndicatorView.swift; sourceTree = "<group>"; };
		DD728ACD2E1D945500984BD5 /* PasscodeTemplateView.swift */ = {isa = PBXFileReference; lastKnownFileType = sourcecode.swift; path = PasscodeTemplateView.swift; sourceTree = "<group>"; };
		DD8E79622E1BA2D0001CF2D4 /* PinBoard.app */ = {isa = PBXFileReference; explicitFileType = wrapper.application; includeInIndex = 0; path = PinBoard.app; sourceTree = BUILT_PRODUCTS_DIR; };
		DD8E79822E1BA4E6001CF2D4 /* Assets.xcassets */ = {isa = PBXFileReference; lastKnownFileType = folder.assetcatalog; path = Assets.xcassets; sourceTree = "<group>"; };
		DD8E79832E1BA4E6001CF2D4 /* TableView.swift */ = {isa = PBXFileReference; lastKnownFileType = sourcecode.swift; path = TableView.swift; sourceTree = "<group>"; };
		DD8E79842E1BA4E6001CF2D4 /* PinBoardApp.swift */ = {isa = PBXFileReference; lastKnownFileType = sourcecode.swift; path = PinBoardApp.swift; sourceTree = "<group>"; };
		DD8E79912E1BB684001CF2D4 /* LAContext+biometricType.swift */ = {isa = PBXFileReference; lastKnownFileType = sourcecode.swift; path = "LAContext+biometricType.swift"; sourceTree = "<group>"; };
		DD8E79942E1BBD7B001CF2D4 /* Authenticator.swift */ = {isa = PBXFileReference; lastKnownFileType = sourcecode.swift; path = Authenticator.swift; sourceTree = "<group>"; };
		DD8E79972E1BBE77001CF2D4 /* AESEncryptionManager.swift */ = {isa = PBXFileReference; lastKnownFileType = sourcecode.swift; path = AESEncryptionManager.swift; sourceTree = "<group>"; };
		DD8E79992E1BBF00001CF2D4 /* Data+padWithZeros.swift */ = {isa = PBXFileReference; lastKnownFileType = sourcecode.swift; path = "Data+padWithZeros.swift"; sourceTree = "<group>"; };
		DD8E79A42E1BF114001CF2D4 /* GlobalConstants.swift */ = {isa = PBXFileReference; lastKnownFileType = sourcecode.swift; path = GlobalConstants.swift; sourceTree = "<group>"; };
/* End PBXFileReference section */

/* Begin PBXFrameworksBuildPhase section */
		DD8E795F2E1BA2D0001CF2D4 /* Frameworks */ = {
			isa = PBXFrameworksBuildPhase;
			buildActionMask = 2147483647;
			files = (
			);
			runOnlyForDeploymentPostprocessing = 0;
		};
/* End PBXFrameworksBuildPhase section */

/* Begin PBXGroup section */
		DD8E79592E1BA2D0001CF2D4 = {
			isa = PBXGroup;
			children = (
				DD8E79852E1BA4E6001CF2D4 /* PinBoard */,
				DD8E79632E1BA2D0001CF2D4 /* Products */,
			);
			sourceTree = "<group>";
		};
		DD8E79632E1BA2D0001CF2D4 /* Products */ = {
			isa = PBXGroup;
			children = (
				DD8E79622E1BA2D0001CF2D4 /* PinBoard.app */,
			);
			name = Products;
			sourceTree = "<group>";
		};
		DD8E79852E1BA4E6001CF2D4 /* PinBoard */ = {
			isa = PBXGroup;
			children = (
				DD8E79892E1BA52F001CF2D4 /* MainView */,
				DD8E798A2E1BA578001CF2D4 /* MVVM */,
				DD8E79962E1BBE63001CF2D4 /* Manager */,
				DD8E79932E1BBD39001CF2D4 /* Service */,
				DD8E799F2E1BF023001CF2D4 /* Resources */,
				DD8E798E2E1BB3F1001CF2D4 /* Extensions */,
				DD8E79822E1BA4E6001CF2D4 /* Assets.xcassets */,
			);
			path = PinBoard;
			sourceTree = "<group>";
		};
		DD8E79892E1BA52F001CF2D4 /* MainView */ = {
			isa = PBXGroup;
			children = (
				DD8E79842E1BA4E6001CF2D4 /* PinBoardApp.swift */,
			);
			path = MainView;
			sourceTree = "<group>";
		};
		DD8E798A2E1BA578001CF2D4 /* MVVM */ = {
			isa = PBXGroup;
			children = (
				DD8E798C2E1BA5CF001CF2D4 /* Views */,
				DD8E798B2E1BA5C4001CF2D4 /* ViewModel */,
			);
			path = MVVM;
			sourceTree = "<group>";
		};
		DD8E798B2E1BA5C4001CF2D4 /* ViewModel */ = {
			isa = PBXGroup;
			children = (
				DD728AC52E1D8F8800984BD5 /* PinBoardViewModel.swift */,
			);
			path = ViewModel;
			sourceTree = "<group>";
		};
		DD8E798C2E1BA5CF001CF2D4 /* Views */ = {
			isa = PBXGroup;
			children = (
				DD728ACD2E1D945500984BD5 /* PasscodeTemplateView.swift */,
				DD728AC72E1D917E00984BD5 /* NumberPadView.swift */,
				DD728AC92E1D921400984BD5 /* PasscodeIndicatorView.swift */,
				DD728AC32E1D8E2A00984BD5 /* MapView.swift */,
				DD728AC12E1D8CCB00984BD5 /* SettingsView.swift */,
				DD8E79832E1BA4E6001CF2D4 /* TableView.swift */,
			);
			path = Views;
			sourceTree = "<group>";
		};
		DD8E798E2E1BB3F1001CF2D4 /* Extensions */ = {
			isa = PBXGroup;
			children = (
				DD8E79992E1BBF00001CF2D4 /* Data+padWithZeros.swift */,
				DD8E79912E1BB684001CF2D4 /* LAContext+biometricType.swift */,
			);
			path = Extensions;
			sourceTree = "<group>";
		};
		DD8E79932E1BBD39001CF2D4 /* Service */ = {
			isa = PBXGroup;
			children = (
				DD8E79942E1BBD7B001CF2D4 /* Authenticator.swift */,
			);
			path = Service;
			sourceTree = "<group>";
		};
		DD8E79962E1BBE63001CF2D4 /* Manager */ = {
			isa = PBXGroup;
			children = (
				DD8E79972E1BBE77001CF2D4 /* AESEncryptionManager.swift */,
			);
			path = Manager;
			sourceTree = "<group>";
		};
		DD8E799F2E1BF023001CF2D4 /* Resources */ = {
			isa = PBXGroup;
			children = (
				DD8E79A42E1BF114001CF2D4 /* GlobalConstants.swift */,
			);
			path = Resources;
			sourceTree = "<group>";
		};
/* End PBXGroup section */

/* Begin PBXNativeTarget section */
		DD8E79612E1BA2D0001CF2D4 /* PinBoard */ = {
			isa = PBXNativeTarget;
			buildConfigurationList = DD8E796D2E1BA2D1001CF2D4 /* Build configuration list for PBXNativeTarget "PinBoard" */;
			buildPhases = (
				DD8E795E2E1BA2D0001CF2D4 /* Sources */,
				DD8E795F2E1BA2D0001CF2D4 /* Frameworks */,
				DD8E79602E1BA2D0001CF2D4 /* Resources */,
			);
			buildRules = (
			);
			dependencies = (
			);
			name = PinBoard;
			packageProductDependencies = (
			);
			productName = PinBoard;
			productReference = DD8E79622E1BA2D0001CF2D4 /* PinBoard.app */;
			productType = "com.apple.product-type.application";
		};
/* End PBXNativeTarget section */

/* Begin PBXProject section */
		DD8E795A2E1BA2D0001CF2D4 /* Project object */ = {
			isa = PBXProject;
			attributes = {
				BuildIndependentTargetsInParallel = 1;
				LastSwiftUpdateCheck = 1640;
				LastUpgradeCheck = 1640;
				TargetAttributes = {
					DD8E79612E1BA2D0001CF2D4 = {
						CreatedOnToolsVersion = 16.4;
					};
				};
			};
			buildConfigurationList = DD8E795D2E1BA2D0001CF2D4 /* Build configuration list for PBXProject "PinBoard" */;
			developmentRegion = en;
			hasScannedForEncodings = 0;
			knownRegions = (
				en,
				Base,
			);
			mainGroup = DD8E79592E1BA2D0001CF2D4;
			minimizedProjectReferenceProxies = 1;
			preferredProjectObjectVersion = 77;
			productRefGroup = DD8E79632E1BA2D0001CF2D4 /* Products */;
			projectDirPath = "";
			projectRoot = "";
			targets = (
				DD8E79612E1BA2D0001CF2D4 /* PinBoard */,
			);
		};
/* End PBXProject section */

/* Begin PBXResourcesBuildPhase section */
		DD8E79602E1BA2D0001CF2D4 /* Resources */ = {
			isa = PBXResourcesBuildPhase;
			buildActionMask = 2147483647;
			files = (
				DD8E79862E1BA4E6001CF2D4 /* Assets.xcassets in Resources */,
			);
			runOnlyForDeploymentPostprocessing = 0;
		};
/* End PBXResourcesBuildPhase section */

/* Begin PBXSourcesBuildPhase section */
		DD8E795E2E1BA2D0001CF2D4 /* Sources */ = {
			isa = PBXSourcesBuildPhase;
			buildActionMask = 2147483647;
			files = (
				DD8E799A2E1BBF01001CF2D4 /* Data+padWithZeros.swift in Sources */,
				DD728AC62E1D8F9C00984BD5 /* PinBoardViewModel.swift in Sources */,
				DD8E79922E1BB685001CF2D4 /* LAContext+biometricType.swift in Sources */,
				DD728AC22E1D8CD300984BD5 /* SettingsView.swift in Sources */,
				DD728AC42E1D8E2B00984BD5 /* MapView.swift in Sources */,
				DD8E79982E1BBE79001CF2D4 /* AESEncryptionManager.swift in Sources */,
				DD728ACA2E1D921500984BD5 /* PasscodeIndicatorView.swift in Sources */,
				DD8E79872E1BA4E6001CF2D4 /* TableView.swift in Sources */,
				DD728AC82E1D917F00984BD5 /* NumberPadView.swift in Sources */,
				DD8E79A52E1BF11D001CF2D4 /* GlobalConstants.swift in Sources */,
				DD728ACE2E1D945600984BD5 /* PasscodeTemplateView.swift in Sources */,
				DD8E79952E1BBD7D001CF2D4 /* Authenticator.swift in Sources */,
				DD8E79882E1BA4E6001CF2D4 /* PinBoardApp.swift in Sources */,
			);
			runOnlyForDeploymentPostprocessing = 0;
		};
/* End PBXSourcesBuildPhase section */

/* Begin XCBuildConfiguration section */
		DD8E796B2E1BA2D1001CF2D4 /* Debug */ = {
			isa = XCBuildConfiguration;
			buildSettings = {
				ALWAYS_SEARCH_USER_PATHS = NO;
				ASSETCATALOG_COMPILER_GENERATE_SWIFT_ASSET_SYMBOL_EXTENSIONS = YES;
				CLANG_ANALYZER_NONNULL = YES;
				CLANG_ANALYZER_NUMBER_OBJECT_CONVERSION = YES_AGGRESSIVE;
				CLANG_CXX_LANGUAGE_STANDARD = "gnu++20";
				CLANG_ENABLE_MODULES = YES;
				CLANG_ENABLE_OBJC_ARC = YES;
				CLANG_ENABLE_OBJC_WEAK = YES;
				CLANG_WARN_BLOCK_CAPTURE_AUTORELEASING = YES;
				CLANG_WARN_BOOL_CONVERSION = YES;
				CLANG_WARN_COMMA = YES;
				CLANG_WARN_CONSTANT_CONVERSION = YES;
				CLANG_WARN_DEPRECATED_OBJC_IMPLEMENTATIONS = YES;
				CLANG_WARN_DIRECT_OBJC_ISA_USAGE = YES_ERROR;
				CLANG_WARN_DOCUMENTATION_COMMENTS = YES;
				CLANG_WARN_EMPTY_BODY = YES;
				CLANG_WARN_ENUM_CONVERSION = YES;
				CLANG_WARN_INFINITE_RECURSION = YES;
				CLANG_WARN_INT_CONVERSION = YES;
				CLANG_WARN_NON_LITERAL_NULL_CONVERSION = YES;
				CLANG_WARN_OBJC_IMPLICIT_RETAIN_SELF = YES;
				CLANG_WARN_OBJC_LITERAL_CONVERSION = YES;
				CLANG_WARN_OBJC_ROOT_CLASS = YES_ERROR;
				CLANG_WARN_QUOTED_INCLUDE_IN_FRAMEWORK_HEADER = YES;
				CLANG_WARN_RANGE_LOOP_ANALYSIS = YES;
				CLANG_WARN_STRICT_PROTOTYPES = YES;
				CLANG_WARN_SUSPICIOUS_MOVE = YES;
				CLANG_WARN_UNGUARDED_AVAILABILITY = YES_AGGRESSIVE;
				CLANG_WARN_UNREACHABLE_CODE = YES;
				CLANG_WARN__DUPLICATE_METHOD_MATCH = YES;
				COPY_PHASE_STRIP = NO;
				DEBUG_INFORMATION_FORMAT = dwarf;
				DEVELOPMENT_TEAM = D28SS25G7Y;
				ENABLE_STRICT_OBJC_MSGSEND = YES;
				ENABLE_TESTABILITY = YES;
				ENABLE_USER_SCRIPT_SANDBOXING = YES;
				GCC_C_LANGUAGE_STANDARD = gnu17;
				GCC_DYNAMIC_NO_PIC = NO;
				GCC_NO_COMMON_BLOCKS = YES;
				GCC_OPTIMIZATION_LEVEL = 0;
				GCC_PREPROCESSOR_DEFINITIONS = (
					"DEBUG=1",
					"$(inherited)",
				);
				GCC_WARN_64_TO_32_BIT_CONVERSION = YES;
				GCC_WARN_ABOUT_RETURN_TYPE = YES_ERROR;
				GCC_WARN_UNDECLARED_SELECTOR = YES;
				GCC_WARN_UNINITIALIZED_AUTOS = YES_AGGRESSIVE;
				GCC_WARN_UNUSED_FUNCTION = YES;
				GCC_WARN_UNUSED_VARIABLE = YES;
				IPHONEOS_DEPLOYMENT_TARGET = 18.5;
				LOCALIZATION_PREFERS_STRING_CATALOGS = YES;
				MTL_ENABLE_DEBUG_INFO = INCLUDE_SOURCE;
				MTL_FAST_MATH = YES;
				ONLY_ACTIVE_ARCH = YES;
				SDKROOT = iphoneos;
				SWIFT_ACTIVE_COMPILATION_CONDITIONS = "DEBUG $(inherited)";
				SWIFT_OPTIMIZATION_LEVEL = "-Onone";
			};
			name = Debug;
		};
		DD8E796C2E1BA2D1001CF2D4 /* Release */ = {
			isa = XCBuildConfiguration;
			buildSettings = {
				ALWAYS_SEARCH_USER_PATHS = NO;
				ASSETCATALOG_COMPILER_GENERATE_SWIFT_ASSET_SYMBOL_EXTENSIONS = YES;
				CLANG_ANALYZER_NONNULL = YES;
				CLANG_ANALYZER_NUMBER_OBJECT_CONVERSION = YES_AGGRESSIVE;
				CLANG_CXX_LANGUAGE_STANDARD = "gnu++20";
				CLANG_ENABLE_MODULES = YES;
				CLANG_ENABLE_OBJC_ARC = YES;
				CLANG_ENABLE_OBJC_WEAK = YES;
				CLANG_WARN_BLOCK_CAPTURE_AUTORELEASING = YES;
				CLANG_WARN_BOOL_CONVERSION = YES;
				CLANG_WARN_COMMA = YES;
				CLANG_WARN_CONSTANT_CONVERSION = YES;
				CLANG_WARN_DEPRECATED_OBJC_IMPLEMENTATIONS = YES;
				CLANG_WARN_DIRECT_OBJC_ISA_USAGE = YES_ERROR;
				CLANG_WARN_DOCUMENTATION_COMMENTS = YES;
				CLANG_WARN_EMPTY_BODY = YES;
				CLANG_WARN_ENUM_CONVERSION = YES;
				CLANG_WARN_INFINITE_RECURSION = YES;
				CLANG_WARN_INT_CONVERSION = YES;
				CLANG_WARN_NON_LITERAL_NULL_CONVERSION = YES;
				CLANG_WARN_OBJC_IMPLICIT_RETAIN_SELF = YES;
				CLANG_WARN_OBJC_LITERAL_CONVERSION = YES;
				CLANG_WARN_OBJC_ROOT_CLASS = YES_ERROR;
				CLANG_WARN_QUOTED_INCLUDE_IN_FRAMEWORK_HEADER = YES;
				CLANG_WARN_RANGE_LOOP_ANALYSIS = YES;
				CLANG_WARN_STRICT_PROTOTYPES = YES;
				CLANG_WARN_SUSPICIOUS_MOVE = YES;
				CLANG_WARN_UNGUARDED_AVAILABILITY = YES_AGGRESSIVE;
				CLANG_WARN_UNREACHABLE_CODE = YES;
				CLANG_WARN__DUPLICATE_METHOD_MATCH = YES;
				COPY_PHASE_STRIP = NO;
				DEBUG_INFORMATION_FORMAT = "dwarf-with-dsym";
				DEVELOPMENT_TEAM = D28SS25G7Y;
				ENABLE_NS_ASSERTIONS = NO;
				ENABLE_STRICT_OBJC_MSGSEND = YES;
				ENABLE_USER_SCRIPT_SANDBOXING = YES;
				GCC_C_LANGUAGE_STANDARD = gnu17;
				GCC_NO_COMMON_BLOCKS = YES;
				GCC_WARN_64_TO_32_BIT_CONVERSION = YES;
				GCC_WARN_ABOUT_RETURN_TYPE = YES_ERROR;
				GCC_WARN_UNDECLARED_SELECTOR = YES;
				GCC_WARN_UNINITIALIZED_AUTOS = YES_AGGRESSIVE;
				GCC_WARN_UNUSED_FUNCTION = YES;
				GCC_WARN_UNUSED_VARIABLE = YES;
				IPHONEOS_DEPLOYMENT_TARGET = 18.5;
				LOCALIZATION_PREFERS_STRING_CATALOGS = YES;
				MTL_ENABLE_DEBUG_INFO = NO;
				MTL_FAST_MATH = YES;
				SDKROOT = iphoneos;
				SWIFT_COMPILATION_MODE = wholemodule;
				VALIDATE_PRODUCT = YES;
			};
			name = Release;
		};
		DD8E796E2E1BA2D1001CF2D4 /* Debug */ = {
			isa = XCBuildConfiguration;
			buildSettings = {
				ASSETCATALOG_COMPILER_APPICON_NAME = AppIcon;
				ASSETCATALOG_COMPILER_GLOBAL_ACCENT_COLOR_NAME = AccentColor;
				CODE_SIGN_STYLE = Automatic;
				CURRENT_PROJECT_VERSION = 1;
				DEVELOPMENT_TEAM = D28SS25G7Y;
				ENABLE_PREVIEWS = YES;
				GENERATE_INFOPLIST_FILE = YES;
				INFOPLIST_KEY_NSFaceIDUsageDescription = "Use Face ID for quick and secure app access";
				INFOPLIST_KEY_UIApplicationSceneManifest_Generation = YES;
				INFOPLIST_KEY_UIApplicationSupportsIndirectInputEvents = YES;
				INFOPLIST_KEY_UILaunchScreen_Generation = YES;
				INFOPLIST_KEY_UISupportedInterfaceOrientations_iPad = "UIInterfaceOrientationPortrait UIInterfaceOrientationPortraitUpsideDown UIInterfaceOrientationLandscapeLeft UIInterfaceOrientationLandscapeRight";
				INFOPLIST_KEY_UISupportedInterfaceOrientations_iPhone = "UIInterfaceOrientationPortrait UIInterfaceOrientationLandscapeLeft UIInterfaceOrientationLandscapeRight";
				LD_RUNPATH_SEARCH_PATHS = (
					"$(inherited)",
					"@executable_path/Frameworks",
				);
				MARKETING_VERSION = 1.0;
				PRODUCT_BUNDLE_IDENTIFIER = com.PinBoard;
				PRODUCT_NAME = "$(TARGET_NAME)";
				SWIFT_EMIT_LOC_STRINGS = YES;
				SWIFT_VERSION = 5.0;
				TARGETED_DEVICE_FAMILY = "1,2";
			};
			name = Debug;
		};
		DD8E796F2E1BA2D1001CF2D4 /* Release */ = {
			isa = XCBuildConfiguration;
			buildSettings = {
				ASSETCATALOG_COMPILER_APPICON_NAME = AppIcon;
				ASSETCATALOG_COMPILER_GLOBAL_ACCENT_COLOR_NAME = AccentColor;
				CODE_SIGN_STYLE = Automatic;
				CURRENT_PROJECT_VERSION = 1;
				DEVELOPMENT_TEAM = D28SS25G7Y;
				ENABLE_PREVIEWS = YES;
				GENERATE_INFOPLIST_FILE = YES;
				INFOPLIST_KEY_NSFaceIDUsageDescription = "Use Face ID for quick and secure app access";
				INFOPLIST_KEY_UIApplicationSceneManifest_Generation = YES;
				INFOPLIST_KEY_UIApplicationSupportsIndirectInputEvents = YES;
				INFOPLIST_KEY_UILaunchScreen_Generation = YES;
				INFOPLIST_KEY_UISupportedInterfaceOrientations_iPad = "UIInterfaceOrientationPortrait UIInterfaceOrientationPortraitUpsideDown UIInterfaceOrientationLandscapeLeft UIInterfaceOrientationLandscapeRight";
				INFOPLIST_KEY_UISupportedInterfaceOrientations_iPhone = "UIInterfaceOrientationPortrait UIInterfaceOrientationLandscapeLeft UIInterfaceOrientationLandscapeRight";
				LD_RUNPATH_SEARCH_PATHS = (
					"$(inherited)",
					"@executable_path/Frameworks",
				);
				MARKETING_VERSION = 1.0;
				PRODUCT_BUNDLE_IDENTIFIER = com.PinBoard;
				PRODUCT_NAME = "$(TARGET_NAME)";
				SWIFT_EMIT_LOC_STRINGS = YES;
				SWIFT_VERSION = 5.0;
				TARGETED_DEVICE_FAMILY = "1,2";
			};
			name = Release;
		};
/* End XCBuildConfiguration section */

/* Begin XCConfigurationList section */
		DD8E795D2E1BA2D0001CF2D4 /* Build configuration list for PBXProject "PinBoard" */ = {
			isa = XCConfigurationList;
			buildConfigurations = (
				DD8E796B2E1BA2D1001CF2D4 /* Debug */,
				DD8E796C2E1BA2D1001CF2D4 /* Release */,
			);
			defaultConfigurationIsVisible = 0;
			defaultConfigurationName = Release;
		};
		DD8E796D2E1BA2D1001CF2D4 /* Build configuration list for PBXNativeTarget "PinBoard" */ = {
			isa = XCConfigurationList;
			buildConfigurations = (
				DD8E796E2E1BA2D1001CF2D4 /* Debug */,
				DD8E796F2E1BA2D1001CF2D4 /* Release */,
			);
			defaultConfigurationIsVisible = 0;
			defaultConfigurationName = Release;
		};
/* End XCConfigurationList section */
	};
	rootObject = DD8E795A2E1BA2D0001CF2D4 /* Project object */;
}
